// !$*UTF8*$!
{
	archiveVersion = 1;
	classes = {
	};
	objectVersion = 56;
	objects = {

/* Begin PBXBuildFile section */
		E2A2D83F2A15FEE100A70EF5 /* quizApp.swift in Sources */ = {isa = PBXBuildFile; fileRef = E2A2D83E2A15FEE100A70EF5 /* quizApp.swift */; };
		E2A2D8412A15FEE100A70EF5 /* QuizView.swift in Sources */ = {isa = PBXBuildFile; fileRef = E2A2D8402A15FEE100A70EF5 /* QuizView.swift */; };
		E2A2D8432A15FEE300A70EF5 /* Assets.xcassets in Resources */ = {isa = PBXBuildFile; fileRef = E2A2D8422A15FEE300A70EF5 /* Assets.xcassets */; };
		E2A2D8472A15FEE300A70EF5 /* Preview Assets.xcassets in Resources */ = {isa = PBXBuildFile; fileRef = E2A2D8462A15FEE300A70EF5 /* Preview Assets.xcassets */; };
		E2A2D8512A15FEE300A70EF5 /* quizTests.swift in Sources */ = {isa = PBXBuildFile; fileRef = E2A2D8502A15FEE300A70EF5 /* quizTests.swift */; };
		E2A2D85B2A15FEE300A70EF5 /* quizUITests.swift in Sources */ = {isa = PBXBuildFile; fileRef = E2A2D85A2A15FEE300A70EF5 /* quizUITests.swift */; };
		E2A2D85D2A15FEE300A70EF5 /* quizUITestsLaunchTests.swift in Sources */ = {isa = PBXBuildFile; fileRef = E2A2D85C2A15FEE300A70EF5 /* quizUITestsLaunchTests.swift */; };
		E2EB461E2A160BDA0028BD83 /* Question.swift in Sources */ = {isa = PBXBuildFile; fileRef = E2EB461D2A160BDA0028BD83 /* Question.swift */; };
		E2F1E7DA2A17A18B0019617C /* ScoreView.swift in Sources */ = {isa = PBXBuildFile; fileRef = E2F1E7D92A17A18B0019617C /* ScoreView.swift */; };
/* End PBXBuildFile section */

/* Begin PBXContainerItemProxy section */
		E2A2D84D2A15FEE300A70EF5 /* PBXContainerItemProxy */ = {
			isa = PBXContainerItemProxy;
			containerPortal = E2A2D8332A15FEE100A70EF5 /* Project object */;
			proxyType = 1;
			remoteGlobalIDString = E2A2D83A2A15FEE100A70EF5;
			remoteInfo = quiz;
		};
		E2A2D8572A15FEE300A70EF5 /* PBXContainerItemProxy */ = {
			isa = PBXContainerItemProxy;
			containerPortal = E2A2D8332A15FEE100A70EF5 /* Project object */;
			proxyType = 1;
			remoteGlobalIDString = E2A2D83A2A15FEE100A70EF5;
			remoteInfo = quiz;
		};
/* End PBXContainerItemProxy section */

/* Begin PBXFileReference section */
		E2A2D83B2A15FEE100A70EF5 /* quiz.app */ = {isa = PBXFileReference; explicitFileType = wrapper.application; includeInIndex = 0; path = quiz.app; sourceTree = BUILT_PRODUCTS_DIR; };
		E2A2D83E2A15FEE100A70EF5 /* quizApp.swift */ = {isa = PBXFileReference; lastKnownFileType = sourcecode.swift; path = quizApp.swift; sourceTree = "<group>"; };
		E2A2D8402A15FEE100A70EF5 /* QuizView.swift */ = {isa = PBXFileReference; lastKnownFileType = sourcecode.swift; path = QuizView.swift; sourceTree = "<group>"; };
		E2A2D8422A15FEE300A70EF5 /* Assets.xcassets */ = {isa = PBXFileReference; lastKnownFileType = folder.assetcatalog; path = Assets.xcassets; sourceTree = "<group>"; };
		E2A2D8442A15FEE300A70EF5 /* quiz.entitlements */ = {isa = PBXFileReference; lastKnownFileType = text.plist.entitlements; path = quiz.entitlements; sourceTree = "<group>"; };
		E2A2D8462A15FEE300A70EF5 /* Preview Assets.xcassets */ = {isa = PBXFileReference; lastKnownFileType = folder.assetcatalog; path = "Preview Assets.xcassets"; sourceTree = "<group>"; };
		E2A2D84C2A15FEE300A70EF5 /* quizTests.xctest */ = {isa = PBXFileReference; explicitFileType = wrapper.cfbundle; includeInIndex = 0; path = quizTests.xctest; sourceTree = BUILT_PRODUCTS_DIR; };
		E2A2D8502A15FEE300A70EF5 /* quizTests.swift */ = {isa = PBXFileReference; lastKnownFileType = sourcecode.swift; path = quizTests.swift; sourceTree = "<group>"; };
		E2A2D8562A15FEE300A70EF5 /* quizUITests.xctest */ = {isa = PBXFileReference; explicitFileType = wrapper.cfbundle; includeInIndex = 0; path = quizUITests.xctest; sourceTree = BUILT_PRODUCTS_DIR; };
		E2A2D85A2A15FEE300A70EF5 /* quizUITests.swift */ = {isa = PBXFileReference; lastKnownFileType = sourcecode.swift; path = quizUITests.swift; sourceTree = "<group>"; };
		E2A2D85C2A15FEE300A70EF5 /* quizUITestsLaunchTests.swift */ = {isa = PBXFileReference; lastKnownFileType = sourcecode.swift; path = quizUITestsLaunchTests.swift; sourceTree = "<group>"; };
		E2EB461D2A160BDA0028BD83 /* Question.swift */ = {isa = PBXFileReference; lastKnownFileType = sourcecode.swift; path = Question.swift; sourceTree = "<group>"; };
		E2F1E7D92A17A18B0019617C /* ScoreView.swift */ = {isa = PBXFileReference; lastKnownFileType = sourcecode.swift; path = ScoreView.swift; sourceTree = "<group>"; };
/* End PBXFileReference section */

/* Begin PBXFrameworksBuildPhase section */
		E2A2D8382A15FEE100A70EF5 /* Frameworks */ = {
			isa = PBXFrameworksBuildPhase;
			buildActionMask = 2147483647;
			files = (
			);
			runOnlyForDeploymentPostprocessing = 0;
		};
		E2A2D8492A15FEE300A70EF5 /* Frameworks */ = {
			isa = PBXFrameworksBuildPhase;
			buildActionMask = 2147483647;
			files = (
			);
			runOnlyForDeploymentPostprocessing = 0;
		};
		E2A2D8532A15FEE300A70EF5 /* Frameworks */ = {
			isa = PBXFrameworksBuildPhase;
			buildActionMask = 2147483647;
			files = (
			);
			runOnlyForDeploymentPostprocessing = 0;
		};
/* End PBXFrameworksBuildPhase section */

/* Begin PBXGroup section */
		E2A2D8322A15FEE100A70EF5 = {
			isa = PBXGroup;
			children = (
				E2A2D83D2A15FEE100A70EF5 /* quiz */,
				E2A2D84F2A15FEE300A70EF5 /* quizTests */,
				E2A2D8592A15FEE300A70EF5 /* quizUITests */,
				E2A2D83C2A15FEE100A70EF5 /* Products */,
			);
			sourceTree = "<group>";
		};
		E2A2D83C2A15FEE100A70EF5 /* Products */ = {
			isa = PBXGroup;
			children = (
				E2A2D83B2A15FEE100A70EF5 /* quiz.app */,
				E2A2D84C2A15FEE300A70EF5 /* quizTests.xctest */,
				E2A2D8562A15FEE300A70EF5 /* quizUITests.xctest */,
			);
			name = Products;
			sourceTree = "<group>";
		};
		E2A2D83D2A15FEE100A70EF5 /* quiz */ = {
			isa = PBXGroup;
			children = (
				E2EB461C2A160BC10028BD83 /* Views */,
				E2EB461B2A160BB60028BD83 /* Models */,
				E2A2D83E2A15FEE100A70EF5 /* quizApp.swift */,
				E2A2D8422A15FEE300A70EF5 /* Assets.xcassets */,
				E2A2D8442A15FEE300A70EF5 /* quiz.entitlements */,
				E2A2D8452A15FEE300A70EF5 /* Preview Content */,
			);
			path = quiz;
			sourceTree = "<group>";
		};
		E2A2D8452A15FEE300A70EF5 /* Preview Content */ = {
			isa = PBXGroup;
			children = (
				E2A2D8462A15FEE300A70EF5 /* Preview Assets.xcassets */,
			);
			path = "Preview Content";
			sourceTree = "<group>";
		};
		E2A2D84F2A15FEE300A70EF5 /* quizTests */ = {
			isa = PBXGroup;
			children = (
				E2A2D8502A15FEE300A70EF5 /* quizTests.swift */,
			);
			path = quizTests;
			sourceTree = "<group>";
		};
		E2A2D8592A15FEE300A70EF5 /* quizUITests */ = {
			isa = PBXGroup;
			children = (
				E2A2D85A2A15FEE300A70EF5 /* quizUITests.swift */,
				E2A2D85C2A15FEE300A70EF5 /* quizUITestsLaunchTests.swift */,
			);
			path = quizUITests;
			sourceTree = "<group>";
		};
		E2EB461B2A160BB60028BD83 /* Models */ = {
			isa = PBXGroup;
			children = (
				E2EB461D2A160BDA0028BD83 /* Question.swift */,
			);
			path = Models;
			sourceTree = "<group>";
		};
		E2EB461C2A160BC10028BD83 /* Views */ = {
			isa = PBXGroup;
			children = (
				E2A2D8402A15FEE100A70EF5 /* QuizView.swift */,
				E2F1E7D92A17A18B0019617C /* ScoreView.swift */,
			);
			path = Views;
			sourceTree = "<group>";
		};
/* End PBXGroup section */

/* Begin PBXNativeTarget section */
		E2A2D83A2A15FEE100A70EF5 /* quiz */ = {
			isa = PBXNativeTarget;
			buildConfigurationList = E2A2D8602A15FEE300A70EF5 /* Build configuration list for PBXNativeTarget "quiz" */;
			buildPhases = (
				E2A2D8372A15FEE100A70EF5 /* Sources */,
				E2A2D8382A15FEE100A70EF5 /* Frameworks */,
				E2A2D8392A15FEE100A70EF5 /* Resources */,
			);
			buildRules = (
			);
			dependencies = (
			);
			name = quiz;
			productName = quiz;
			productReference = E2A2D83B2A15FEE100A70EF5 /* quiz.app */;
			productType = "com.apple.product-type.application";
		};
		E2A2D84B2A15FEE300A70EF5 /* quizTests */ = {
			isa = PBXNativeTarget;
			buildConfigurationList = E2A2D8632A15FEE300A70EF5 /* Build configuration list for PBXNativeTarget "quizTests" */;
			buildPhases = (
				E2A2D8482A15FEE300A70EF5 /* Sources */,
				E2A2D8492A15FEE300A70EF5 /* Frameworks */,
				E2A2D84A2A15FEE300A70EF5 /* Resources */,
			);
			buildRules = (
			);
			dependencies = (
				E2A2D84E2A15FEE300A70EF5 /* PBXTargetDependency */,
			);
			name = quizTests;
			productName = quizTests;
			productReference = E2A2D84C2A15FEE300A70EF5 /* quizTests.xctest */;
			productType = "com.apple.product-type.bundle.unit-test";
		};
		E2A2D8552A15FEE300A70EF5 /* quizUITests */ = {
			isa = PBXNativeTarget;
			buildConfigurationList = E2A2D8662A15FEE300A70EF5 /* Build configuration list for PBXNativeTarget "quizUITests" */;
			buildPhases = (
				E2A2D8522A15FEE300A70EF5 /* Sources */,
				E2A2D8532A15FEE300A70EF5 /* Frameworks */,
				E2A2D8542A15FEE300A70EF5 /* Resources */,
			);
			buildRules = (
			);
			dependencies = (
				E2A2D8582A15FEE300A70EF5 /* PBXTargetDependency */,
			);
			name = quizUITests;
			productName = quizUITests;
			productReference = E2A2D8562A15FEE300A70EF5 /* quizUITests.xctest */;
			productType = "com.apple.product-type.bundle.ui-testing";
		};
/* End PBXNativeTarget section */

/* Begin PBXProject section */
		E2A2D8332A15FEE100A70EF5 /* Project object */ = {
			isa = PBXProject;
			attributes = {
				BuildIndependentTargetsInParallel = 1;
				LastSwiftUpdateCheck = 1430;
				LastUpgradeCheck = 1430;
				TargetAttributes = {
					E2A2D83A2A15FEE100A70EF5 = {
						CreatedOnToolsVersion = 14.3;
					};
					E2A2D84B2A15FEE300A70EF5 = {
						CreatedOnToolsVersion = 14.3;
						TestTargetID = E2A2D83A2A15FEE100A70EF5;
					};
					E2A2D8552A15FEE300A70EF5 = {
						CreatedOnToolsVersion = 14.3;
						TestTargetID = E2A2D83A2A15FEE100A70EF5;
					};
				};
			};
			buildConfigurationList = E2A2D8362A15FEE100A70EF5 /* Build configuration list for PBXProject "quiz" */;
			compatibilityVersion = "Xcode 14.0";
			developmentRegion = en;
			hasScannedForEncodings = 0;
			knownRegions = (
				en,
				Base,
			);
			mainGroup = E2A2D8322A15FEE100A70EF5;
			productRefGroup = E2A2D83C2A15FEE100A70EF5 /* Products */;
			projectDirPath = "";
			projectRoot = "";
			targets = (
				E2A2D83A2A15FEE100A70EF5 /* quiz */,
				E2A2D84B2A15FEE300A70EF5 /* quizTests */,
				E2A2D8552A15FEE300A70EF5 /* quizUITests */,
			);
		};
/* End PBXProject section */

/* Begin PBXResourcesBuildPhase section */
		E2A2D8392A15FEE100A70EF5 /* Resources */ = {
			isa = PBXResourcesBuildPhase;
			buildActionMask = 2147483647;
			files = (
				E2A2D8472A15FEE300A70EF5 /* Preview Assets.xcassets in Resources */,
				E2A2D8432A15FEE300A70EF5 /* Assets.xcassets in Resources */,
			);
			runOnlyForDeploymentPostprocessing = 0;
		};
		E2A2D84A2A15FEE300A70EF5 /* Resources */ = {
			isa = PBXResourcesBuildPhase;
			buildActionMask = 2147483647;
			files = (
			);
			runOnlyForDeploymentPostprocessing = 0;
		};
		E2A2D8542A15FEE300A70EF5 /* Resources */ = {
			isa = PBXResourcesBuildPhase;
			buildActionMask = 2147483647;
			files = (
			);
			runOnlyForDeploymentPostprocessing = 0;
		};
/* End PBXResourcesBuildPhase section */

/* Begin PBXSourcesBuildPhase section */
		E2A2D8372A15FEE100A70EF5 /* Sources */ = {
			isa = PBXSourcesBuildPhase;
			buildActionMask = 2147483647;
			files = (
				E2EB461E2A160BDA0028BD83 /* Question.swift in Sources */,
				E2F1E7DA2A17A18B0019617C /* ScoreView.swift in Sources */,
				E2A2D8412A15FEE100A70EF5 /* QuizView.swift in Sources */,
				E2A2D83F2A15FEE100A70EF5 /* quizApp.swift in Sources */,
			);
			runOnlyForDeploymentPostprocessing = 0;
		};
		E2A2D8482A15FEE300A70EF5 /* Sources */ = {
			isa = PBXSourcesBuildPhase;
			buildActionMask = 2147483647;
			files = (
				E2A2D8512A15FEE300A70EF5 /* quizTests.swift in Sources */,
			);
			runOnlyForDeploymentPostprocessing = 0;
		};
		E2A2D8522A15FEE300A70EF5 /* Sources */ = {
			isa = PBXSourcesBuildPhase;
			buildActionMask = 2147483647;
			files = (
				E2A2D85B2A15FEE300A70EF5 /* quizUITests.swift in Sources */,
				E2A2D85D2A15FEE300A70EF5 /* quizUITestsLaunchTests.swift in Sources */,
			);
			runOnlyForDeploymentPostprocessing = 0;
		};
/* End PBXSourcesBuildPhase section */

/* Begin PBXTargetDependency section */
		E2A2D84E2A15FEE300A70EF5 /* PBXTargetDependency */ = {
			isa = PBXTargetDependency;
			target = E2A2D83A2A15FEE100A70EF5 /* quiz */;
			targetProxy = E2A2D84D2A15FEE300A70EF5 /* PBXContainerItemProxy */;
		};
		E2A2D8582A15FEE300A70EF5 /* PBXTargetDependency */ = {
			isa = PBXTargetDependency;
			target = E2A2D83A2A15FEE100A70EF5 /* quiz */;
			targetProxy = E2A2D8572A15FEE300A70EF5 /* PBXContainerItemProxy */;
		};
/* End PBXTargetDependency section */

/* Begin XCBuildConfiguration section */
		E2A2D85E2A15FEE300A70EF5 /* Debug */ = {
			isa = XCBuildConfiguration;
			buildSettings = {
				ALWAYS_SEARCH_USER_PATHS = NO;
				CLANG_ANALYZER_NONNULL = YES;
				CLANG_ANALYZER_NUMBER_OBJECT_CONVERSION = YES_AGGRESSIVE;
				CLANG_CXX_LANGUAGE_STANDARD = "gnu++20";
				CLANG_ENABLE_MODULES = YES;
				CLANG_ENABLE_OBJC_ARC = YES;
				CLANG_ENABLE_OBJC_WEAK = YES;
				CLANG_WARN_BLOCK_CAPTURE_AUTORELEASING = YES;
				CLANG_WARN_BOOL_CONVERSION = YES;
				CLANG_WARN_COMMA = YES;
				CLANG_WARN_CONSTANT_CONVERSION = YES;
				CLANG_WARN_DEPRECATED_OBJC_IMPLEMENTATIONS = YES;
				CLANG_WARN_DIRECT_OBJC_ISA_USAGE = YES_ERROR;
				CLANG_WARN_DOCUMENTATION_COMMENTS = YES;
				CLANG_WARN_EMPTY_BODY = YES;
				CLANG_WARN_ENUM_CONVERSION = YES;
				CLANG_WARN_INFINITE_RECURSION = YES;
				CLANG_WARN_INT_CONVERSION = YES;
				CLANG_WARN_NON_LITERAL_NULL_CONVERSION = YES;
				CLANG_WARN_OBJC_IMPLICIT_RETAIN_SELF = YES;
				CLANG_WARN_OBJC_LITERAL_CONVERSION = YES;
				CLANG_WARN_OBJC_ROOT_CLASS = YES_ERROR;
				CLANG_WARN_QUOTED_INCLUDE_IN_FRAMEWORK_HEADER = YES;
				CLANG_WARN_RANGE_LOOP_ANALYSIS = YES;
				CLANG_WARN_STRICT_PROTOTYPES = YES;
				CLANG_WARN_SUSPICIOUS_MOVE = YES;
				CLANG_WARN_UNGUARDED_AVAILABILITY = YES_AGGRESSIVE;
				CLANG_WARN_UNREACHABLE_CODE = YES;
				CLANG_WARN__DUPLICATE_METHOD_MATCH = YES;
				COPY_PHASE_STRIP = NO;
				DEBUG_INFORMATION_FORMAT = dwarf;
				ENABLE_STRICT_OBJC_MSGSEND = YES;
				ENABLE_TESTABILITY = YES;
				GCC_C_LANGUAGE_STANDARD = gnu11;
				GCC_DYNAMIC_NO_PIC = NO;
				GCC_NO_COMMON_BLOCKS = YES;
				GCC_OPTIMIZATION_LEVEL = 0;
				GCC_PREPROCESSOR_DEFINITIONS = (
					"DEBUG=1",
					"$(inherited)",
				);
				GCC_WARN_64_TO_32_BIT_CONVERSION = YES;
				GCC_WARN_ABOUT_RETURN_TYPE = YES_ERROR;
				GCC_WARN_UNDECLARED_SELECTOR = YES;
				GCC_WARN_UNINITIALIZED_AUTOS = YES_AGGRESSIVE;
				GCC_WARN_UNUSED_FUNCTION = YES;
				GCC_WARN_UNUSED_VARIABLE = YES;
				MTL_ENABLE_DEBUG_INFO = INCLUDE_SOURCE;
				MTL_FAST_MATH = YES;
				ONLY_ACTIVE_ARCH = YES;
				SWIFT_ACTIVE_COMPILATION_CONDITIONS = DEBUG;
				SWIFT_OPTIMIZATION_LEVEL = "-Onone";
			};
			name = Debug;
		};
		E2A2D85F2A15FEE300A70EF5 /* Release */ = {
			isa = XCBuildConfiguration;
			buildSettings = {
				ALWAYS_SEARCH_USER_PATHS = NO;
				CLANG_ANALYZER_NONNULL = YES;
				CLANG_ANALYZER_NUMBER_OBJECT_CONVERSION = YES_AGGRESSIVE;
				CLANG_CXX_LANGUAGE_STANDARD = "gnu++20";
				CLANG_ENABLE_MODULES = YES;
				CLANG_ENABLE_OBJC_ARC = YES;
				CLANG_ENABLE_OBJC_WEAK = YES;
				CLANG_WARN_BLOCK_CAPTURE_AUTORELEASING = YES;
				CLANG_WARN_BOOL_CONVERSION = YES;
				CLANG_WARN_COMMA = YES;
				CLANG_WARN_CONSTANT_CONVERSION = YES;
				CLANG_WARN_DEPRECATED_OBJC_IMPLEMENTATIONS = YES;
				CLANG_WARN_DIRECT_OBJC_ISA_USAGE = YES_ERROR;
				CLANG_WARN_DOCUMENTATION_COMMENTS = YES;
				CLANG_WARN_EMPTY_BODY = YES;
				CLANG_WARN_ENUM_CONVERSION = YES;
				CLANG_WARN_INFINITE_RECURSION = YES;
				CLANG_WARN_INT_CONVERSION = YES;
				CLANG_WARN_NON_LITERAL_NULL_CONVERSION = YES;
				CLANG_WARN_OBJC_IMPLICIT_RETAIN_SELF = YES;
				CLANG_WARN_OBJC_LITERAL_CONVERSION = YES;
				CLANG_WARN_OBJC_ROOT_CLASS = YES_ERROR;
				CLANG_WARN_QUOTED_INCLUDE_IN_FRAMEWORK_HEADER = YES;
				CLANG_WARN_RANGE_LOOP_ANALYSIS = YES;
				CLANG_WARN_STRICT_PROTOTYPES = YES;
				CLANG_WARN_SUSPICIOUS_MOVE = YES;
				CLANG_WARN_UNGUARDED_AVAILABILITY = YES_AGGRESSIVE;
				CLANG_WARN_UNREACHABLE_CODE = YES;
				CLANG_WARN__DUPLICATE_METHOD_MATCH = YES;
				COPY_PHASE_STRIP = NO;
				DEBUG_INFORMATION_FORMAT = "dwarf-with-dsym";
				ENABLE_NS_ASSERTIONS = NO;
				ENABLE_STRICT_OBJC_MSGSEND = YES;
				GCC_C_LANGUAGE_STANDARD = gnu11;
				GCC_NO_COMMON_BLOCKS = YES;
				GCC_WARN_64_TO_32_BIT_CONVERSION = YES;
				GCC_WARN_ABOUT_RETURN_TYPE = YES_ERROR;
				GCC_WARN_UNDECLARED_SELECTOR = YES;
				GCC_WARN_UNINITIALIZED_AUTOS = YES_AGGRESSIVE;
				GCC_WARN_UNUSED_FUNCTION = YES;
				GCC_WARN_UNUSED_VARIABLE = YES;
				MTL_ENABLE_DEBUG_INFO = NO;
				MTL_FAST_MATH = YES;
				SWIFT_COMPILATION_MODE = wholemodule;
				SWIFT_OPTIMIZATION_LEVEL = "-O";
			};
			name = Release;
		};
		E2A2D8612A15FEE300A70EF5 /* Debug */ = {
			isa = XCBuildConfiguration;
			buildSettings = {
				ASSETCATALOG_COMPILER_APPICON_NAME = AppIcon;
				ASSETCATALOG_COMPILER_GLOBAL_ACCENT_COLOR_NAME = AccentColor;
				CODE_SIGN_ENTITLEMENTS = quiz/quiz.entitlements;
				CODE_SIGN_STYLE = Automatic;
				CURRENT_PROJECT_VERSION = 1;
				DEVELOPMENT_ASSET_PATHS = "\"quiz/Preview Content\"";
				ENABLE_PREVIEWS = YES;
				GENERATE_INFOPLIST_FILE = YES;
				"INFOPLIST_KEY_UIApplicationSceneManifest_Generation[sdk=iphoneos*]" = YES;
				"INFOPLIST_KEY_UIApplicationSceneManifest_Generation[sdk=iphonesimulator*]" = YES;
				"INFOPLIST_KEY_UIApplicationSupportsIndirectInputEvents[sdk=iphoneos*]" = YES;
				"INFOPLIST_KEY_UIApplicationSupportsIndirectInputEvents[sdk=iphonesimulator*]" = YES;
				"INFOPLIST_KEY_UILaunchScreen_Generation[sdk=iphoneos*]" = YES;
				"INFOPLIST_KEY_UILaunchScreen_Generation[sdk=iphonesimulator*]" = YES;
				"INFOPLIST_KEY_UIStatusBarStyle[sdk=iphoneos*]" = UIStatusBarStyleDefault;
				"INFOPLIST_KEY_UIStatusBarStyle[sdk=iphonesimulator*]" = UIStatusBarStyleDefault;
				INFOPLIST_KEY_UISupportedInterfaceOrientations_iPad = "UIInterfaceOrientationPortrait UIInterfaceOrientationPortraitUpsideDown UIInterfaceOrientationLandscapeLeft UIInterfaceOrientationLandscapeRight";
				INFOPLIST_KEY_UISupportedInterfaceOrientations_iPhone = "UIInterfaceOrientationPortrait UIInterfaceOrientationLandscapeLeft UIInterfaceOrientationLandscapeRight";
				IPHONEOS_DEPLOYMENT_TARGET = 16.4;
				LD_RUNPATH_SEARCH_PATHS = "@executable_path/Frameworks";
				"LD_RUNPATH_SEARCH_PATHS[sdk=macosx*]" = "@executable_path/../Frameworks";
				MACOSX_DEPLOYMENT_TARGET = 13.3;
				MARKETING_VERSION = 1.0;
				PRODUCT_BUNDLE_IDENTIFIER = com.vivek.quiz;
				PRODUCT_NAME = "$(TARGET_NAME)";
				SDKROOT = auto;
				SUPPORTED_PLATFORMS = "iphoneos iphonesimulator macosx";
				SWIFT_EMIT_LOC_STRINGS = YES;
				SWIFT_VERSION = 5.0;
				TARGETED_DEVICE_FAMILY = "1,2";
			};
			name = Debug;
		};
		E2A2D8622A15FEE300A70EF5 /* Release */ = {
			isa = XCBuildConfiguration;
			buildSettings = {
				ASSETCATALOG_COMPILER_APPICON_NAME = AppIcon;
				ASSETCATALOG_COMPILER_GLOBAL_ACCENT_COLOR_NAME = AccentColor;
				CODE_SIGN_ENTITLEMENTS = quiz/quiz.entitlements;
				CODE_SIGN_STYLE = Automatic;
				CURRENT_PROJECT_VERSION = 1;
				DEVELOPMENT_ASSET_PATHS = "\"quiz/Preview Content\"";
				ENABLE_PREVIEWS = YES;
				GENERATE_INFOPLIST_FILE = YES;
				"INFOPLIST_KEY_UIApplicationSceneManifest_Generation[sdk=iphoneos*]" = YES;
				"INFOPLIST_KEY_UIApplicationSceneManifest_Generation[sdk=iphonesimulator*]" = YES;
				"INFOPLIST_KEY_UIApplicationSupportsIndirectInputEvents[sdk=iphoneos*]" = YES;
				"INFOPLIST_KEY_UIApplicationSupportsIndirectInputEvents[sdk=iphonesimulator*]" = YES;
				"INFOPLIST_KEY_UILaunchScreen_Generation[sdk=iphoneos*]" = YES;
				"INFOPLIST_KEY_UILaunchScreen_Generation[sdk=iphonesimulator*]" = YES;
				"INFOPLIST_KEY_UIStatusBarStyle[sdk=iphoneos*]" = UIStatusBarStyleDefault;
				"INFOPLIST_KEY_UIStatusBarStyle[sdk=iphonesimulator*]" = UIStatusBarStyleDefault;
				INFOPLIST_KEY_UISupportedInterfaceOrientations_iPad = "UIInterfaceOrientationPortrait UIInterfaceOrientationPortraitUpsideDown UIInterfaceOrientationLandscapeLeft UIInterfaceOrientationLandscapeRight";
				INFOPLIST_KEY_UISupportedInterfaceOrientations_iPhone = "UIInterfaceOrientationPortrait UIInterfaceOrientationLandscapeLeft UIInterfaceOrientationLandscapeRight";
				IPHONEOS_DEPLOYMENT_TARGET = 16.4;
				LD_RUNPATH_SEARCH_PATHS = "@executable_path/Frameworks";
				"LD_RUNPATH_SEARCH_PATHS[sdk=macosx*]" = "@executable_path/../Frameworks";
				MACOSX_DEPLOYMENT_TARGET = 13.3;
				MARKETING_VERSION = 1.0;
				PRODUCT_BUNDLE_IDENTIFIER = com.vivek.quiz;
				PRODUCT_NAME = "$(TARGET_NAME)";
				SDKROOT = auto;
				SUPPORTED_PLATFORMS = "iphoneos iphonesimulator macosx";
				SWIFT_EMIT_LOC_STRINGS = YES;
				SWIFT_VERSION = 5.0;
				TARGETED_DEVICE_FAMILY = "1,2";
			};
			name = Release;
		};
		E2A2D8642A15FEE300A70EF5 /* Debug */ = {
			isa = XCBuildConfiguration;
			buildSettings = {
				ALWAYS_EMBED_SWIFT_STANDARD_LIBRARIES = YES;
				BUNDLE_LOADER = "$(TEST_HOST)";
				CODE_SIGN_STYLE = Automatic;
				CURRENT_PROJECT_VERSION = 1;
				GENERATE_INFOPLIST_FILE = YES;
				IPHONEOS_DEPLOYMENT_TARGET = 16.4;
				MACOSX_DEPLOYMENT_TARGET = 13.3;
				MARKETING_VERSION = 1.0;
				PRODUCT_BUNDLE_IDENTIFIER = com.vivek.quizTests;
				PRODUCT_NAME = "$(TARGET_NAME)";
				SDKROOT = auto;
				SUPPORTED_PLATFORMS = "iphoneos iphonesimulator macosx";
				SWIFT_EMIT_LOC_STRINGS = NO;
				SWIFT_VERSION = 5.0;
				TARGETED_DEVICE_FAMILY = "1,2";
				TEST_HOST = "$(BUILT_PRODUCTS_DIR)/quiz.app/$(BUNDLE_EXECUTABLE_FOLDER_PATH)/quiz";
			};
			name = Debug;
		};
		E2A2D8652A15FEE300A70EF5 /* Release */ = {
			isa = XCBuildConfiguration;
			buildSettings = {
				ALWAYS_EMBED_SWIFT_STANDARD_LIBRARIES = YES;
				BUNDLE_LOADER = "$(TEST_HOST)";
				CODE_SIGN_STYLE = Automatic;
				CURRENT_PROJECT_VERSION = 1;
				GENERATE_INFOPLIST_FILE = YES;
				IPHONEOS_DEPLOYMENT_TARGET = 16.4;
				MACOSX_DEPLOYMENT_TARGET = 13.3;
				MARKETING_VERSION = 1.0;
				PRODUCT_BUNDLE_IDENTIFIER = com.vivek.quizTests;
				PRODUCT_NAME = "$(TARGET_NAME)";
				SDKROOT = auto;
				SUPPORTED_PLATFORMS = "iphoneos iphonesimulator macosx";
				SWIFT_EMIT_LOC_STRINGS = NO;
				SWIFT_VERSION = 5.0;
				TARGETED_DEVICE_FAMILY = "1,2";
				TEST_HOST = "$(BUILT_PRODUCTS_DIR)/quiz.app/$(BUNDLE_EXECUTABLE_FOLDER_PATH)/quiz";
			};
			name = Release;
		};
		E2A2D8672A15FEE300A70EF5 /* Debug */ = {
			isa = XCBuildConfiguration;
			buildSettings = {
				ALWAYS_EMBED_SWIFT_STANDARD_LIBRARIES = YES;
				CODE_SIGN_STYLE = Automatic;
				CURRENT_PROJECT_VERSION = 1;
				GENERATE_INFOPLIST_FILE = YES;
				IPHONEOS_DEPLOYMENT_TARGET = 16.4;
				MACOSX_DEPLOYMENT_TARGET = 13.3;
				MARKETING_VERSION = 1.0;
				PRODUCT_BUNDLE_IDENTIFIER = com.vivek.quizUITests;
				PRODUCT_NAME = "$(TARGET_NAME)";
				SDKROOT = auto;
				SUPPORTED_PLATFORMS = "iphoneos iphonesimulator macosx";
				SWIFT_EMIT_LOC_STRINGS = NO;
				SWIFT_VERSION = 5.0;
				TARGETED_DEVICE_FAMILY = "1,2";
				TEST_TARGET_NAME = quiz;
			};
			name = Debug;
		};
		E2A2D8682A15FEE300A70EF5 /* Release */ = {
			isa = XCBuildConfiguration;
			buildSettings = {
				ALWAYS_EMBED_SWIFT_STANDARD_LIBRARIES = YES;
				CODE_SIGN_STYLE = Automatic;
				CURRENT_PROJECT_VERSION = 1;
				GENERATE_INFOPLIST_FILE = YES;
				IPHONEOS_DEPLOYMENT_TARGET = 16.4;
				MACOSX_DEPLOYMENT_TARGET = 13.3;
				MARKETING_VERSION = 1.0;
				PRODUCT_BUNDLE_IDENTIFIER = com.vivek.quizUITests;
				PRODUCT_NAME = "$(TARGET_NAME)";
				SDKROOT = auto;
				SUPPORTED_PLATFORMS = "iphoneos iphonesimulator macosx";
				SWIFT_EMIT_LOC_STRINGS = NO;
				SWIFT_VERSION = 5.0;
				TARGETED_DEVICE_FAMILY = "1,2";
				TEST_TARGET_NAME = quiz;
			};
			name = Release;
		};
/* End XCBuildConfiguration section */

/* Begin XCConfigurationList section */
		E2A2D8362A15FEE100A70EF5 /* Build configuration list for PBXProject "quiz" */ = {
			isa = XCConfigurationList;
			buildConfigurations = (
				E2A2D85E2A15FEE300A70EF5 /* Debug */,
				E2A2D85F2A15FEE300A70EF5 /* Release */,
			);
			defaultConfigurationIsVisible = 0;
			defaultConfigurationName = Release;
		};
		E2A2D8602A15FEE300A70EF5 /* Build configuration list for PBXNativeTarget "quiz" */ = {
			isa = XCConfigurationList;
			buildConfigurations = (
				E2A2D8612A15FEE300A70EF5 /* Debug */,
				E2A2D8622A15FEE300A70EF5 /* Release */,
			);
			defaultConfigurationIsVisible = 0;
			defaultConfigurationName = Release;
		};
		E2A2D8632A15FEE300A70EF5 /* Build configuration list for PBXNativeTarget "quizTests" */ = {
			isa = XCConfigurationList;
			buildConfigurations = (
				E2A2D8642A15FEE300A70EF5 /* Debug */,
				E2A2D8652A15FEE300A70EF5 /* Release */,
			);
			defaultConfigurationIsVisible = 0;
			defaultConfigurationName = Release;
		};
		E2A2D8662A15FEE300A70EF5 /* Build configuration list for PBXNativeTarget "quizUITests" */ = {
			isa = XCConfigurationList;
			buildConfigurations = (
				E2A2D8672A15FEE300A70EF5 /* Debug */,
				E2A2D8682A15FEE300A70EF5 /* Release */,
			);
			defaultConfigurationIsVisible = 0;
			defaultConfigurationName = Release;
		};
/* End XCConfigurationList section */
	};
	rootObject = E2A2D8332A15FEE100A70EF5 /* Project object */;
}
